// !$*UTF8*$!
{
	archiveVersion = 1;
	classes = {
	};
	objectVersion = 46;
	objects = {

/* Begin PBXBuildFile section */
		6C15A2441C0450F400A7C0E1 /* LICENCE.txt in Resources */ = {isa = PBXBuildFile; fileRef = 6C15A2401C0450F400A7C0E1 /* LICENCE.txt */; };
		6C15A2451C0450F400A7C0E1 /* Reachability.m in Sources */ = {isa = PBXBuildFile; fileRef = 6C15A2421C0450F400A7C0E1 /* Reachability.m */; };
		6C15A2461C0450F400A7C0E1 /* README.md in Sources */ = {isa = PBXBuildFile; fileRef = 6C15A2431C0450F400A7C0E1 /* README.md */; };
		6C15A2571C0459FA00A7C0E1 /* MPNVoiceManager.m in Sources */ = {isa = PBXBuildFile; fileRef = 6C15A2561C0459FA00A7C0E1 /* MPNVoiceManager.m */; };
		6C15A2711C045F7D00A7C0E1 /* NetWorkViewController.m in Sources */ = {isa = PBXBuildFile; fileRef = 6C15A26A1C045F7D00A7C0E1 /* NetWorkViewController.m */; };
		6C15A2721C045F7D00A7C0E1 /* UITestViewController.m in Sources */ = {isa = PBXBuildFile; fileRef = 6C15A26C1C045F7D00A7C0E1 /* UITestViewController.m */; };
		6C15A2731C045F7D00A7C0E1 /* UtilsViewController.m in Sources */ = {isa = PBXBuildFile; fileRef = 6C15A26E1C045F7D00A7C0E1 /* UtilsViewController.m */; };
		6C15A2741C045F7D00A7C0E1 /* ViewController.m in Sources */ = {isa = PBXBuildFile; fileRef = 6C15A2701C045F7D00A7C0E1 /* ViewController.m */; };
		6C15A2771C04629300A7C0E1 /* MPNEmailManager.m in Sources */ = {isa = PBXBuildFile; fileRef = 6C15A2761C04629300A7C0E1 /* MPNEmailManager.m */; };
		6CBD188E1BE8B45300D2BCB0 /* main.m in Sources */ = {isa = PBXBuildFile; fileRef = 6CBD188D1BE8B45300D2BCB0 /* main.m */; };
		6CBD18911BE8B45300D2BCB0 /* AppDelegate.m in Sources */ = {isa = PBXBuildFile; fileRef = 6CBD18901BE8B45300D2BCB0 /* AppDelegate.m */; };
		6CBD18971BE8B45300D2BCB0 /* Main.storyboard in Resources */ = {isa = PBXBuildFile; fileRef = 6CBD18951BE8B45300D2BCB0 /* Main.storyboard */; };
		6CBD18991BE8B45300D2BCB0 /* Assets.xcassets in Resources */ = {isa = PBXBuildFile; fileRef = 6CBD18981BE8B45300D2BCB0 /* Assets.xcassets */; };
		6CBD189C1BE8B45300D2BCB0 /* LaunchScreen.storyboard in Resources */ = {isa = PBXBuildFile; fileRef = 6CBD189A1BE8B45300D2BCB0 /* LaunchScreen.storyboard */; };
		6CBD18A61BE8B4CF00D2BCB0 /* UIImage+TintColor.m in Sources */ = {isa = PBXBuildFile; fileRef = 6CBD18A51BE8B4CF00D2BCB0 /* UIImage+TintColor.m */; };
		6CBD18A81BE8B5CB00D2BCB0 /* image.png in Resources */ = {isa = PBXBuildFile; fileRef = 6CBD18A71BE8B5CB00D2BCB0 /* image.png */; };
		6CBD18AE1BE8B6FD00D2BCB0 /* UIImage+Utils.m in Sources */ = {isa = PBXBuildFile; fileRef = 6CBD18AD1BE8B6FD00D2BCB0 /* UIImage+Utils.m */; };
		6CBD18B11BE8B83B00D2BCB0 /* UIView+CustomBorder.m in Sources */ = {isa = PBXBuildFile; fileRef = 6CBD18B01BE8B83B00D2BCB0 /* UIView+CustomBorder.m */; };
		6CBD18B41BE8BC7800D2BCB0 /* UIView+AutoLayout.m in Sources */ = {isa = PBXBuildFile; fileRef = 6CBD18B31BE8BC7800D2BCB0 /* UIView+AutoLayout.m */; };
		6CBD18B81BE8C8D800D2BCB0 /* UIBarButtonItem+Custom.m in Sources */ = {isa = PBXBuildFile; fileRef = 6CBD18B71BE8C8D800D2BCB0 /* UIBarButtonItem+Custom.m */; };
		6CBD18BB1BE8C96A00D2BCB0 /* NSObject+MKBlockTimer.m in Sources */ = {isa = PBXBuildFile; fileRef = 6CBD18BA1BE8C96A00D2BCB0 /* NSObject+MKBlockTimer.m */; };
		6CCCEF2C1BFD5A4400E6F5B6 /* ALAssetsLibrary+CustomPhotoAlbum.m in Sources */ = {isa = PBXBuildFile; fileRef = 6CCCEF231BFD5A4400E6F5B6 /* ALAssetsLibrary+CustomPhotoAlbum.m */; };
		6CCCEF2D1BFD5A4400E6F5B6 /* DXAlertView.m in Sources */ = {isa = PBXBuildFile; fileRef = 6CCCEF251BFD5A4400E6F5B6 /* DXAlertView.m */; };
		6CCCEF2F1BFD5A4400E6F5B6 /* UIImageView+Letters.m in Sources */ = {isa = PBXBuildFile; fileRef = 6CCCEF291BFD5A4400E6F5B6 /* UIImageView+Letters.m */; };
		6CCCEF301BFD5A4400E6F5B6 /* UIScrollView+DXRefresh.m in Sources */ = {isa = PBXBuildFile; fileRef = 6CCCEF2B1BFD5A4400E6F5B6 /* UIScrollView+DXRefresh.m */; };
		6CCCEF401BFD763D00E6F5B6 /* LMConstant.m in Sources */ = {isa = PBXBuildFile; fileRef = 6CCCEF3F1BFD763D00E6F5B6 /* LMConstant.m */; };
/* End PBXBuildFile section */

/* Begin PBXFileReference section */
		6C15A2401C0450F400A7C0E1 /* LICENCE.txt */ = {isa = PBXFileReference; fileEncoding = 4; lastKnownFileType = text; path = LICENCE.txt; sourceTree = "<group>"; };
		6C15A2411C0450F400A7C0E1 /* Reachability.h */ = {isa = PBXFileReference; fileEncoding = 4; lastKnownFileType = sourcecode.c.h; path = Reachability.h; sourceTree = "<group>"; };
		6C15A2421C0450F400A7C0E1 /* Reachability.m */ = {isa = PBXFileReference; fileEncoding = 4; lastKnownFileType = sourcecode.c.objc; path = Reachability.m; sourceTree = "<group>"; };
		6C15A2431C0450F400A7C0E1 /* README.md */ = {isa = PBXFileReference; fileEncoding = 4; lastKnownFileType = net.daringfireball.markdown; path = README.md; sourceTree = "<group>"; };
		6C15A2551C0459FA00A7C0E1 /* MPNVoiceManager.h */ = {isa = PBXFileReference; fileEncoding = 4; lastKnownFileType = sourcecode.c.h; path = MPNVoiceManager.h; sourceTree = "<group>"; };
		6C15A2561C0459FA00A7C0E1 /* MPNVoiceManager.m */ = {isa = PBXFileReference; fileEncoding = 4; lastKnownFileType = sourcecode.c.objc; path = MPNVoiceManager.m; sourceTree = "<group>"; };
		6C15A2691C045F7D00A7C0E1 /* NetWorkViewController.h */ = {isa = PBXFileReference; fileEncoding = 4; lastKnownFileType = sourcecode.c.h; path = NetWorkViewController.h; sourceTree = "<group>"; };
		6C15A26A1C045F7D00A7C0E1 /* NetWorkViewController.m */ = {isa = PBXFileReference; fileEncoding = 4; lastKnownFileType = sourcecode.c.objc; path = NetWorkViewController.m; sourceTree = "<group>"; };
		6C15A26B1C045F7D00A7C0E1 /* UITestViewController.h */ = {isa = PBXFileReference; fileEncoding = 4; lastKnownFileType = sourcecode.c.h; path = UITestViewController.h; sourceTree = "<group>"; };
		6C15A26C1C045F7D00A7C0E1 /* UITestViewController.m */ = {isa = PBXFileReference; fileEncoding = 4; lastKnownFileType = sourcecode.c.objc; path = UITestViewController.m; sourceTree = "<group>"; };
		6C15A26D1C045F7D00A7C0E1 /* UtilsViewController.h */ = {isa = PBXFileReference; fileEncoding = 4; lastKnownFileType = sourcecode.c.h; path = UtilsViewController.h; sourceTree = "<group>"; };
		6C15A26E1C045F7D00A7C0E1 /* UtilsViewController.m */ = {isa = PBXFileReference; fileEncoding = 4; lastKnownFileType = sourcecode.c.objc; path = UtilsViewController.m; sourceTree = "<group>"; };
		6C15A26F1C045F7D00A7C0E1 /* ViewController.h */ = {isa = PBXFileReference; fileEncoding = 4; lastKnownFileType = sourcecode.c.h; path = ViewController.h; sourceTree = "<group>"; };
		6C15A2701C045F7D00A7C0E1 /* ViewController.m */ = {isa = PBXFileReference; fileEncoding = 4; lastKnownFileType = sourcecode.c.objc; path = ViewController.m; sourceTree = "<group>"; };
		6C15A2751C04629300A7C0E1 /* MPNEmailManager.h */ = {isa = PBXFileReference; fileEncoding = 4; lastKnownFileType = sourcecode.c.h; path = MPNEmailManager.h; sourceTree = "<group>"; };
		6C15A2761C04629300A7C0E1 /* MPNEmailManager.m */ = {isa = PBXFileReference; fileEncoding = 4; lastKnownFileType = sourcecode.c.objc; path = MPNEmailManager.m; sourceTree = "<group>"; };
		6CBD18891BE8B45300D2BCB0 /* Categories.app */ = {isa = PBXFileReference; explicitFileType = wrapper.application; includeInIndex = 0; path = Categories.app; sourceTree = BUILT_PRODUCTS_DIR; };
		6CBD188D1BE8B45300D2BCB0 /* main.m */ = {isa = PBXFileReference; lastKnownFileType = sourcecode.c.objc; path = main.m; sourceTree = "<group>"; };
		6CBD188F1BE8B45300D2BCB0 /* AppDelegate.h */ = {isa = PBXFileReference; lastKnownFileType = sourcecode.c.h; path = AppDelegate.h; sourceTree = "<group>"; };
		6CBD18901BE8B45300D2BCB0 /* AppDelegate.m */ = {isa = PBXFileReference; lastKnownFileType = sourcecode.c.objc; path = AppDelegate.m; sourceTree = "<group>"; };
		6CBD18961BE8B45300D2BCB0 /* Base */ = {isa = PBXFileReference; lastKnownFileType = file.storyboard; name = Base; path = Base.lproj/Main.storyboard; sourceTree = "<group>"; };
		6CBD18981BE8B45300D2BCB0 /* Assets.xcassets */ = {isa = PBXFileReference; lastKnownFileType = folder.assetcatalog; path = Assets.xcassets; sourceTree = "<group>"; };
		6CBD189B1BE8B45300D2BCB0 /* Base */ = {isa = PBXFileReference; lastKnownFileType = file.storyboard; name = Base; path = Base.lproj/LaunchScreen.storyboard; sourceTree = "<group>"; };
		6CBD189D1BE8B45300D2BCB0 /* Info.plist */ = {isa = PBXFileReference; lastKnownFileType = text.plist.xml; path = Info.plist; sourceTree = "<group>"; };
		6CBD18A41BE8B4CF00D2BCB0 /* UIImage+TintColor.h */ = {isa = PBXFileReference; fileEncoding = 4; lastKnownFileType = sourcecode.c.h; path = "UIImage+TintColor.h"; sourceTree = "<group>"; };
		6CBD18A51BE8B4CF00D2BCB0 /* UIImage+TintColor.m */ = {isa = PBXFileReference; fileEncoding = 4; lastKnownFileType = sourcecode.c.objc; path = "UIImage+TintColor.m"; sourceTree = "<group>"; };
		6CBD18A71BE8B5CB00D2BCB0 /* image.png */ = {isa = PBXFileReference; lastKnownFileType = image.png; path = image.png; sourceTree = "<group>"; };
		6CBD18AC1BE8B6FD00D2BCB0 /* UIImage+Utils.h */ = {isa = PBXFileReference; fileEncoding = 4; lastKnownFileType = sourcecode.c.h; path = "UIImage+Utils.h"; sourceTree = "<group>"; };
		6CBD18AD1BE8B6FD00D2BCB0 /* UIImage+Utils.m */ = {isa = PBXFileReference; fileEncoding = 4; lastKnownFileType = sourcecode.c.objc; path = "UIImage+Utils.m"; sourceTree = "<group>"; };
		6CBD18AF1BE8B83B00D2BCB0 /* UIView+CustomBorder.h */ = {isa = PBXFileReference; fileEncoding = 4; lastKnownFileType = sourcecode.c.h; path = "UIView+CustomBorder.h"; sourceTree = "<group>"; };
		6CBD18B01BE8B83B00D2BCB0 /* UIView+CustomBorder.m */ = {isa = PBXFileReference; fileEncoding = 4; lastKnownFileType = sourcecode.c.objc; path = "UIView+CustomBorder.m"; sourceTree = "<group>"; };
		6CBD18B21BE8BC7800D2BCB0 /* UIView+AutoLayout.h */ = {isa = PBXFileReference; fileEncoding = 4; lastKnownFileType = sourcecode.c.h; path = "UIView+AutoLayout.h"; sourceTree = "<group>"; };
		6CBD18B31BE8BC7800D2BCB0 /* UIView+AutoLayout.m */ = {isa = PBXFileReference; fileEncoding = 4; lastKnownFileType = sourcecode.c.objc; path = "UIView+AutoLayout.m"; sourceTree = "<group>"; };
		6CBD18B61BE8C8D800D2BCB0 /* UIBarButtonItem+Custom.h */ = {isa = PBXFileReference; fileEncoding = 4; lastKnownFileType = sourcecode.c.h; path = "UIBarButtonItem+Custom.h"; sourceTree = "<group>"; };
		6CBD18B71BE8C8D800D2BCB0 /* UIBarButtonItem+Custom.m */ = {isa = PBXFileReference; fileEncoding = 4; lastKnownFileType = sourcecode.c.objc; path = "UIBarButtonItem+Custom.m"; sourceTree = "<group>"; };
		6CBD18B91BE8C96A00D2BCB0 /* NSObject+MKBlockTimer.h */ = {isa = PBXFileReference; fileEncoding = 4; lastKnownFileType = sourcecode.c.h; path = "NSObject+MKBlockTimer.h"; sourceTree = "<group>"; };
		6CBD18BA1BE8C96A00D2BCB0 /* NSObject+MKBlockTimer.m */ = {isa = PBXFileReference; fileEncoding = 4; lastKnownFileType = sourcecode.c.objc; path = "NSObject+MKBlockTimer.m"; sourceTree = "<group>"; };
		6CCCEF221BFD5A4400E6F5B6 /* ALAssetsLibrary+CustomPhotoAlbum.h */ = {isa = PBXFileReference; fileEncoding = 4; lastKnownFileType = sourcecode.c.h; path = "ALAssetsLibrary+CustomPhotoAlbum.h"; sourceTree = "<group>"; };
		6CCCEF231BFD5A4400E6F5B6 /* ALAssetsLibrary+CustomPhotoAlbum.m */ = {isa = PBXFileReference; fileEncoding = 4; lastKnownFileType = sourcecode.c.objc; path = "ALAssetsLibrary+CustomPhotoAlbum.m"; sourceTree = "<group>"; };
		6CCCEF241BFD5A4400E6F5B6 /* DXAlertView.h */ = {isa = PBXFileReference; fileEncoding = 4; lastKnownFileType = sourcecode.c.h; path = DXAlertView.h; sourceTree = "<group>"; };
		6CCCEF251BFD5A4400E6F5B6 /* DXAlertView.m */ = {isa = PBXFileReference; fileEncoding = 4; lastKnownFileType = sourcecode.c.objc; path = DXAlertView.m; sourceTree = "<group>"; };
		6CCCEF281BFD5A4400E6F5B6 /* UIImageView+Letters.h */ = {isa = PBXFileReference; fileEncoding = 4; lastKnownFileType = sourcecode.c.h; path = "UIImageView+Letters.h"; sourceTree = "<group>"; };
		6CCCEF291BFD5A4400E6F5B6 /* UIImageView+Letters.m */ = {isa = PBXFileReference; fileEncoding = 4; lastKnownFileType = sourcecode.c.objc; path = "UIImageView+Letters.m"; sourceTree = "<group>"; };
		6CCCEF2A1BFD5A4400E6F5B6 /* UIScrollView+DXRefresh.h */ = {isa = PBXFileReference; fileEncoding = 4; lastKnownFileType = sourcecode.c.h; path = "UIScrollView+DXRefresh.h"; sourceTree = "<group>"; };
		6CCCEF2B1BFD5A4400E6F5B6 /* UIScrollView+DXRefresh.m */ = {isa = PBXFileReference; fileEncoding = 4; lastKnownFileType = sourcecode.c.objc; path = "UIScrollView+DXRefresh.m"; sourceTree = "<group>"; };
		6CCCEF3B1BFD731200E6F5B6 /* PrefixHeader.pch */ = {isa = PBXFileReference; lastKnownFileType = sourcecode.c.h; path = PrefixHeader.pch; sourceTree = "<group>"; };
		6CCCEF3E1BFD763D00E6F5B6 /* LMConstant.h */ = {isa = PBXFileReference; fileEncoding = 4; lastKnownFileType = sourcecode.c.h; path = LMConstant.h; sourceTree = "<group>"; };
		6CCCEF3F1BFD763D00E6F5B6 /* LMConstant.m */ = {isa = PBXFileReference; fileEncoding = 4; lastKnownFileType = sourcecode.c.objc; path = LMConstant.m; sourceTree = "<group>"; };
/* End PBXFileReference section */

/* Begin PBXFrameworksBuildPhase section */
		6CBD18861BE8B45300D2BCB0 /* Frameworks */ = {
			isa = PBXFrameworksBuildPhase;
			buildActionMask = 2147483647;
			files = (
			);
			runOnlyForDeploymentPostprocessing = 0;
		};
/* End PBXFrameworksBuildPhase section */

/* Begin PBXGroup section */
		6C15A23E1C0450C200A7C0E1 /* Libraries */ = {
			isa = PBXGroup;
			children = (
				6C15A23F1C0450F400A7C0E1 /* Reachability */,
			);
			path = Libraries;
			sourceTree = "<group>";
		};
		6C15A23F1C0450F400A7C0E1 /* Reachability */ = {
			isa = PBXGroup;
			children = (
				6C15A2401C0450F400A7C0E1 /* LICENCE.txt */,
				6C15A2411C0450F400A7C0E1 /* Reachability.h */,
				6C15A2421C0450F400A7C0E1 /* Reachability.m */,
				6C15A2431C0450F400A7C0E1 /* README.md */,
			);
			path = Reachability;
			sourceTree = "<group>";
		};
		6C15A2541C0459DF00A7C0E1 /* Utils */ = {
			isa = PBXGroup;
			children = (
				6C15A2751C04629300A7C0E1 /* MPNEmailManager.h */,
				6C15A2761C04629300A7C0E1 /* MPNEmailManager.m */,
				6C15A2551C0459FA00A7C0E1 /* MPNVoiceManager.h */,
				6C15A2561C0459FA00A7C0E1 /* MPNVoiceManager.m */,
			);
			path = Utils;
			sourceTree = "<group>";
		};
		6C15A2681C045F7D00A7C0E1 /* ViewControllers */ = {
			isa = PBXGroup;
			children = (
				6C15A2691C045F7D00A7C0E1 /* NetWorkViewController.h */,
				6C15A26A1C045F7D00A7C0E1 /* NetWorkViewController.m */,
				6C15A26B1C045F7D00A7C0E1 /* UITestViewController.h */,
				6C15A26C1C045F7D00A7C0E1 /* UITestViewController.m */,
				6C15A26D1C045F7D00A7C0E1 /* UtilsViewController.h */,
				6C15A26E1C045F7D00A7C0E1 /* UtilsViewController.m */,
				6C15A26F1C045F7D00A7C0E1 /* ViewController.h */,
				6C15A2701C045F7D00A7C0E1 /* ViewController.m */,
			);
			path = ViewControllers;
			sourceTree = "<group>";
		};
		6CBD18801BE8B45300D2BCB0 = {
			isa = PBXGroup;
			children = (
				6CBD188B1BE8B45300D2BCB0 /* Categories */,
				6CBD188A1BE8B45300D2BCB0 /* Products */,
			);
			sourceTree = "<group>";
		};
		6CBD188A1BE8B45300D2BCB0 /* Products */ = {
			isa = PBXGroup;
			children = (
				6CBD18891BE8B45300D2BCB0 /* Categories.app */,
			);
			name = Products;
			sourceTree = "<group>";
		};
		6CBD188B1BE8B45300D2BCB0 /* Categories */ = {
			isa = PBXGroup;
			children = (
				6C15A2541C0459DF00A7C0E1 /* Utils */,
				6C15A23E1C0450C200A7C0E1 /* Libraries */,
				6CBD18B51BE8C73B00D2BCB0 /* SupportFiles */,
				6CBD18A31BE8B48300D2BCB0 /* Categories */,
				6C15A2681C045F7D00A7C0E1 /* ViewControllers */,
				6CCCEF3B1BFD731200E6F5B6 /* PrefixHeader.pch */,
				6CCCEF3E1BFD763D00E6F5B6 /* LMConstant.h */,
				6CCCEF3F1BFD763D00E6F5B6 /* LMConstant.m */,
				6CBD188F1BE8B45300D2BCB0 /* AppDelegate.h */,
				6CBD18901BE8B45300D2BCB0 /* AppDelegate.m */,
				6CBD18951BE8B45300D2BCB0 /* Main.storyboard */,
				6CBD18981BE8B45300D2BCB0 /* Assets.xcassets */,
				6CBD189A1BE8B45300D2BCB0 /* LaunchScreen.storyboard */,
				6CBD189D1BE8B45300D2BCB0 /* Info.plist */,
				6CBD188C1BE8B45300D2BCB0 /* Supporting Files */,
			);
			path = Categories;
			sourceTree = "<group>";
		};
		6CBD188C1BE8B45300D2BCB0 /* Supporting Files */ = {
			isa = PBXGroup;
			children = (
				6CBD188D1BE8B45300D2BCB0 /* main.m */,
			);
			name = "Supporting Files";
			sourceTree = "<group>";
		};
		6CBD18A31BE8B48300D2BCB0 /* Categories */ = {
			isa = PBXGroup;
			children = (
				6CCCEF221BFD5A4400E6F5B6 /* ALAssetsLibrary+CustomPhotoAlbum.h */,
				6CCCEF231BFD5A4400E6F5B6 /* ALAssetsLibrary+CustomPhotoAlbum.m */,
				6CCCEF241BFD5A4400E6F5B6 /* DXAlertView.h */,
				6CCCEF251BFD5A4400E6F5B6 /* DXAlertView.m */,
				6CCCEF281BFD5A4400E6F5B6 /* UIImageView+Letters.h */,
				6CCCEF291BFD5A4400E6F5B6 /* UIImageView+Letters.m */,
				6CCCEF2A1BFD5A4400E6F5B6 /* UIScrollView+DXRefresh.h */,
				6CCCEF2B1BFD5A4400E6F5B6 /* UIScrollView+DXRefresh.m */,
				6CBD18A41BE8B4CF00D2BCB0 /* UIImage+TintColor.h */,
				6CBD18A51BE8B4CF00D2BCB0 /* UIImage+TintColor.m */,
				6CBD18AC1BE8B6FD00D2BCB0 /* UIImage+Utils.h */,
				6CBD18AD1BE8B6FD00D2BCB0 /* UIImage+Utils.m */,
				6CBD18AF1BE8B83B00D2BCB0 /* UIView+CustomBorder.h */,
				6CBD18B01BE8B83B00D2BCB0 /* UIView+CustomBorder.m */,
				6CBD18B61BE8C8D800D2BCB0 /* UIBarButtonItem+Custom.h */,
				6CBD18B71BE8C8D800D2BCB0 /* UIBarButtonItem+Custom.m */,
				6CBD18B91BE8C96A00D2BCB0 /* NSObject+MKBlockTimer.h */,
				6CBD18BA1BE8C96A00D2BCB0 /* NSObject+MKBlockTimer.m */,
			);
			path = Categories;
			sourceTree = "<group>";
		};
		6CBD18B51BE8C73B00D2BCB0 /* SupportFiles */ = {
			isa = PBXGroup;
			children = (
				6CBD18A71BE8B5CB00D2BCB0 /* image.png */,
				6CBD18B21BE8BC7800D2BCB0 /* UIView+AutoLayout.h */,
				6CBD18B31BE8BC7800D2BCB0 /* UIView+AutoLayout.m */,
			);
			name = SupportFiles;
			path = TestSupportFiles;
			sourceTree = "<group>";
		};
/* End PBXGroup section */

/* Begin PBXNativeTarget section */
		6CBD18881BE8B45300D2BCB0 /* Categories */ = {
			isa = PBXNativeTarget;
			buildConfigurationList = 6CBD18A01BE8B45300D2BCB0 /* Build configuration list for PBXNativeTarget "Categories" */;
			buildPhases = (
				6CBD18851BE8B45300D2BCB0 /* Sources */,
				6CBD18861BE8B45300D2BCB0 /* Frameworks */,
				6CBD18871BE8B45300D2BCB0 /* Resources */,
			);
			buildRules = (
			);
			dependencies = (
			);
			name = Categories;
			productName = Categories;
			productReference = 6CBD18891BE8B45300D2BCB0 /* Categories.app */;
			productType = "com.apple.product-type.application";
		};
/* End PBXNativeTarget section */

/* Begin PBXProject section */
		6CBD18811BE8B45300D2BCB0 /* Project object */ = {
			isa = PBXProject;
			attributes = {
				LastUpgradeCheck = 0710;
				ORGANIZATIONNAME = luomeng;
				TargetAttributes = {
					6CBD18881BE8B45300D2BCB0 = {
						CreatedOnToolsVersion = 7.1;
					};
				};
			};
			buildConfigurationList = 6CBD18841BE8B45300D2BCB0 /* Build configuration list for PBXProject "Categories" */;
			compatibilityVersion = "Xcode 3.2";
			developmentRegion = English;
			hasScannedForEncodings = 0;
			knownRegions = (
				en,
				Base,
			);
			mainGroup = 6CBD18801BE8B45300D2BCB0;
			productRefGroup = 6CBD188A1BE8B45300D2BCB0 /* Products */;
			projectDirPath = "";
			projectRoot = "";
			targets = (
				6CBD18881BE8B45300D2BCB0 /* Categories */,
			);
		};
/* End PBXProject section */

/* Begin PBXResourcesBuildPhase section */
		6CBD18871BE8B45300D2BCB0 /* Resources */ = {
			isa = PBXResourcesBuildPhase;
			buildActionMask = 2147483647;
			files = (
				6C15A2441C0450F400A7C0E1 /* LICENCE.txt in Resources */,
				6CBD189C1BE8B45300D2BCB0 /* LaunchScreen.storyboard in Resources */,
				6CBD18991BE8B45300D2BCB0 /* Assets.xcassets in Resources */,
				6CBD18971BE8B45300D2BCB0 /* Main.storyboard in Resources */,
				6CBD18A81BE8B5CB00D2BCB0 /* image.png in Resources */,
			);
			runOnlyForDeploymentPostprocessing = 0;
		};
/* End PBXResourcesBuildPhase section */

/* Begin PBXSourcesBuildPhase section */
		6CBD18851BE8B45300D2BCB0 /* Sources */ = {
			isa = PBXSourcesBuildPhase;
			buildActionMask = 2147483647;
			files = (
				6CBD18A61BE8B4CF00D2BCB0 /* UIImage+TintColor.m in Sources */,
				6CBD18911BE8B45300D2BCB0 /* AppDelegate.m in Sources */,
				6CBD18B11BE8B83B00D2BCB0 /* UIView+CustomBorder.m in Sources */,
				6CBD188E1BE8B45300D2BCB0 /* main.m in Sources */,
				6CCCEF2D1BFD5A4400E6F5B6 /* DXAlertView.m in Sources */,
				6C15A2711C045F7D00A7C0E1 /* NetWorkViewController.m in Sources */,
				6CCCEF2C1BFD5A4400E6F5B6 /* ALAssetsLibrary+CustomPhotoAlbum.m in Sources */,
				6CCCEF2F1BFD5A4400E6F5B6 /* UIImageView+Letters.m in Sources */,
				6CCCEF401BFD763D00E6F5B6 /* LMConstant.m in Sources */,
				6CBD18B41BE8BC7800D2BCB0 /* UIView+AutoLayout.m in Sources */,
				6C15A2721C045F7D00A7C0E1 /* UITestViewController.m in Sources */,
				6C15A2771C04629300A7C0E1 /* MPNEmailManager.m in Sources */,
				6C15A2451C0450F400A7C0E1 /* Reachability.m in Sources */,
				6C15A2461C0450F400A7C0E1 /* README.md in Sources */,
				6C15A2571C0459FA00A7C0E1 /* MPNVoiceManager.m in Sources */,
				6C15A2741C045F7D00A7C0E1 /* ViewController.m in Sources */,
				6CCCEF301BFD5A4400E6F5B6 /* UIScrollView+DXRefresh.m in Sources */,
				6CBD18BB1BE8C96A00D2BCB0 /* NSObject+MKBlockTimer.m in Sources */,
				6C15A2731C045F7D00A7C0E1 /* UtilsViewController.m in Sources */,
				6CBD18AE1BE8B6FD00D2BCB0 /* UIImage+Utils.m in Sources */,
				6CBD18B81BE8C8D800D2BCB0 /* UIBarButtonItem+Custom.m in Sources */,
			);
			runOnlyForDeploymentPostprocessing = 0;
		};
/* End PBXSourcesBuildPhase section */

/* Begin PBXVariantGroup section */
		6CBD18951BE8B45300D2BCB0 /* Main.storyboard */ = {
			isa = PBXVariantGroup;
			children = (
				6CBD18961BE8B45300D2BCB0 /* Base */,
			);
			name = Main.storyboard;
			sourceTree = "<group>";
		};
		6CBD189A1BE8B45300D2BCB0 /* LaunchScreen.storyboard */ = {
			isa = PBXVariantGroup;
			children = (
				6CBD189B1BE8B45300D2BCB0 /* Base */,
			);
			name = LaunchScreen.storyboard;
			sourceTree = "<group>";
		};
/* End PBXVariantGroup section */

/* Begin XCBuildConfiguration section */
		6CBD189E1BE8B45300D2BCB0 /* Debug */ = {
			isa = XCBuildConfiguration;
			buildSettings = {
				ALWAYS_SEARCH_USER_PATHS = NO;
				CLANG_CXX_LANGUAGE_STANDARD = "gnu++0x";
				CLANG_CXX_LIBRARY = "libc++";
				CLANG_ENABLE_MODULES = YES;
				CLANG_ENABLE_OBJC_ARC = YES;
				CLANG_WARN_BOOL_CONVERSION = YES;
				CLANG_WARN_CONSTANT_CONVERSION = YES;
				CLANG_WARN_DIRECT_OBJC_ISA_USAGE = YES_ERROR;
				CLANG_WARN_EMPTY_BODY = YES;
				CLANG_WARN_ENUM_CONVERSION = YES;
				CLANG_WARN_INT_CONVERSION = YES;
				CLANG_WARN_OBJC_ROOT_CLASS = YES_ERROR;
				CLANG_WARN_UNREACHABLE_CODE = YES;
				CLANG_WARN__DUPLICATE_METHOD_MATCH = YES;
				"CODE_SIGN_IDENTITY[sdk=iphoneos*]" = "iPhone Developer";
				COPY_PHASE_STRIP = NO;
				DEBUG_INFORMATION_FORMAT = dwarf;
				ENABLE_STRICT_OBJC_MSGSEND = YES;
				ENABLE_TESTABILITY = YES;
				GCC_C_LANGUAGE_STANDARD = gnu99;
				GCC_DYNAMIC_NO_PIC = NO;
				GCC_NO_COMMON_BLOCKS = YES;
				GCC_OPTIMIZATION_LEVEL = 0;
				GCC_PREPROCESSOR_DEFINITIONS = (
					"DEBUG=1",
					"$(inherited)",
				);
				GCC_WARN_64_TO_32_BIT_CONVERSION = YES;
				GCC_WARN_ABOUT_RETURN_TYPE = YES_ERROR;
				GCC_WARN_UNDECLARED_SELECTOR = YES;
				GCC_WARN_UNINITIALIZED_AUTOS = YES_AGGRESSIVE;
				GCC_WARN_UNUSED_FUNCTION = YES;
				GCC_WARN_UNUSED_VARIABLE = YES;
				IPHONEOS_DEPLOYMENT_TARGET = 9.1;
				MTL_ENABLE_DEBUG_INFO = YES;
				ONLY_ACTIVE_ARCH = YES;
				SDKROOT = iphoneos;
			};
			name = Debug;
		};
		6CBD189F1BE8B45300D2BCB0 /* Release */ = {
			isa = XCBuildConfiguration;
			buildSettings = {
				ALWAYS_SEARCH_USER_PATHS = NO;
				CLANG_CXX_LANGUAGE_STANDARD = "gnu++0x";
				CLANG_CXX_LIBRARY = "libc++";
				CLANG_ENABLE_MODULES = YES;
				CLANG_ENABLE_OBJC_ARC = YES;
				CLANG_WARN_BOOL_CONVERSION = YES;
				CLANG_WARN_CONSTANT_CONVERSION = YES;
				CLANG_WARN_DIRECT_OBJC_ISA_USAGE = YES_ERROR;
				CLANG_WARN_EMPTY_BODY = YES;
				CLANG_WARN_ENUM_CONVERSION = YES;
				CLANG_WARN_INT_CONVERSION = YES;
				CLANG_WARN_OBJC_ROOT_CLASS = YES_ERROR;
				CLANG_WARN_UNREACHABLE_CODE = YES;
				CLANG_WARN__DUPLICATE_METHOD_MATCH = YES;
				"CODE_SIGN_IDENTITY[sdk=iphoneos*]" = "iPhone Developer";
				COPY_PHASE_STRIP = NO;
				DEBUG_INFORMATION_FORMAT = "dwarf-with-dsym";
				ENABLE_NS_ASSERTIONS = NO;
				ENABLE_STRICT_OBJC_MSGSEND = YES;
				GCC_C_LANGUAGE_STANDARD = gnu99;
				GCC_NO_COMMON_BLOCKS = YES;
				GCC_WARN_64_TO_32_BIT_CONVERSION = YES;
				GCC_WARN_ABOUT_RETURN_TYPE = YES_ERROR;
				GCC_WARN_UNDECLARED_SELECTOR = YES;
				GCC_WARN_UNINITIALIZED_AUTOS = YES_AGGRESSIVE;
				GCC_WARN_UNUSED_FUNCTION = YES;
				GCC_WARN_UNUSED_VARIABLE = YES;
				IPHONEOS_DEPLOYMENT_TARGET = 9.1;
				MTL_ENABLE_DEBUG_INFO = NO;
				SDKROOT = iphoneos;
				VALIDATE_PRODUCT = YES;
			};
			name = Release;
		};
		6CBD18A11BE8B45300D2BCB0 /* Debug */ = {
			isa = XCBuildConfiguration;
			buildSettings = {
				ASSETCATALOG_COMPILER_APPICON_NAME = AppIcon;
				GCC_PRECOMPILE_PREFIX_HEADER = YES;
				GCC_PREFIX_HEADER = Categories/PrefixHeader.pch;
				INFOPLIST_FILE = Categories/Info.plist;
				LD_RUNPATH_SEARCH_PATHS = "$(inherited) @executable_path/Frameworks";
				PRODUCT_BUNDLE_IDENTIFIER = com.luo.Categories;
				PRODUCT_NAME = "$(TARGET_NAME)";
				TARGETED_DEVICE_FAMILY = "1,2";
			};
			name = Debug;
		};
		6CBD18A21BE8B45300D2BCB0 /* Release */ = {
			isa = XCBuildConfiguration;
			buildSettings = {
				ASSETCATALOG_COMPILER_APPICON_NAME = AppIcon;
				GCC_PRECOMPILE_PREFIX_HEADER = YES;
				GCC_PREFIX_HEADER = Categories/PrefixHeader.pch;
				INFOPLIST_FILE = Categories/Info.plist;
				LD_RUNPATH_SEARCH_PATHS = "$(inherited) @executable_path/Frameworks";
				PRODUCT_BUNDLE_IDENTIFIER = com.luo.Categories;
				PRODUCT_NAME = "$(TARGET_NAME)";
				TARGETED_DEVICE_FAMILY = "1,2";
			};
			name = Release;
		};
/* End XCBuildConfiguration section */

/* Begin XCConfigurationList section */
		6CBD18841BE8B45300D2BCB0 /* Build configuration list for PBXProject "Categories" */ = {
			isa = XCConfigurationList;
			buildConfigurations = (
				6CBD189E1BE8B45300D2BCB0 /* Debug */,
				6CBD189F1BE8B45300D2BCB0 /* Release */,
			);
			defaultConfigurationIsVisible = 0;
			defaultConfigurationName = Release;
		};
		6CBD18A01BE8B45300D2BCB0 /* Build configuration list for PBXNativeTarget "Categories" */ = {
			isa = XCConfigurationList;
			buildConfigurations = (
				6CBD18A11BE8B45300D2BCB0 /* Debug */,
				6CBD18A21BE8B45300D2BCB0 /* Release */,
			);
			defaultConfigurationIsVisible = 0;
			defaultConfigurationName = Release;
		};
/* End XCConfigurationList section */
	};
	rootObject = 6CBD18811BE8B45300D2BCB0 /* Project object */;
}
